# Code generated by scarb DO NOT EDIT.
version = 1

[[package]]
name = "alexandria_bytes"
version = "0.1.0"
source = "git+https://github.com/gaetbout/quaireaux.git?rev=2a4f6b8293bde8b78a159a7e73ae753aa6c6e74a#2a4f6b8293bde8b78a159a7e73ae753aa6c6e74a"
dependencies = [
 "alexandria_data_structures",
 "alexandria_math",
]

[[package]]
name = "alexandria_data_structures"
version = "0.2.0"
source = "git+https://github.com/gaetbout/quaireaux.git?rev=2a4f6b8293bde8b78a159a7e73ae753aa6c6e74a#2a4f6b8293bde8b78a159a7e73ae753aa6c6e74a"
dependencies = [
 "alexandria_encoding",
]

[[package]]
name = "alexandria_encoding"
version = "0.1.0"
source = "git+https://github.com/gaetbout/quaireaux.git?rev=2a4f6b8293bde8b78a159a7e73ae753aa6c6e74a#2a4f6b8293bde8b78a159a7e73ae753aa6c6e74a"
dependencies = [
 "alexandria_bytes",
 "alexandria_math",
 "alexandria_numeric",
]

[[package]]
name = "alexandria_math"
version = "0.2.0"
source = "git+https://github.com/gaetbout/quaireaux.git?rev=2a4f6b8293bde8b78a159a7e73ae753aa6c6e74a#2a4f6b8293bde8b78a159a7e73ae753aa6c6e74a"
dependencies = [
 "alexandria_data_structures",
]

[[package]]
name = "alexandria_merkle_tree"
version = "0.1.0"
source = "git+https://github.com/gaetbout/quaireaux.git?rev=2a4f6b8293bde8b78a159a7e73ae753aa6c6e74a#2a4f6b8293bde8b78a159a7e73ae753aa6c6e74a"

[[package]]
name = "alexandria_numeric"
version = "0.1.0"
source = "git+https://github.com/gaetbout/quaireaux.git?rev=2a4f6b8293bde8b78a159a7e73ae753aa6c6e74a#2a4f6b8293bde8b78a159a7e73ae753aa6c6e74a"
dependencies = [
 "alexandria_math",
 "alexandria_searching",
]

[[package]]
name = "alexandria_searching"
version = "0.1.0"
source = "git+https://github.com/gaetbout/quaireaux.git?rev=2a4f6b8293bde8b78a159a7e73ae753aa6c6e74a#2a4f6b8293bde8b78a159a7e73ae753aa6c6e74a"
dependencies = [
 "alexandria_data_structures",
]

[[package]]
name = "argent"
version = "0.1.0"
dependencies = [
 "alexandria_encoding",
 "alexandria_math",
 "alexandria_merkle_tree",
 "openzeppelin",
 "snforge_std",
]

[[package]]
name = "openzeppelin"
version = "0.15.0-rc.0"
source = "git+https://github.com/OpenZeppelin/cairo-contracts.git?rev=5f03fba338b4cb321776947fb98b4584a32adece#5f03fba338b4cb321776947fb98b4584a32adece"

[[package]]
name = "snforge_std"
version = "0.27.0"
source = "git+https://github.com/foundry-rs/starknet-foundry.git?tag=v0.27.0#2d99b7c00678ef0363881ee0273550c44a9263de"
