# Code generated by scarb DO NOT EDIT.
version = 1

[[package]]
name = "alexandria_bytes"
version = "0.1.0"
source = "git+https://github.com/keep-starknet-strange/alexandria.git?rev=e1b0805#e1b080577aaa6889116fc8be5dde72b2fd21e397"
dependencies = [
 "alexandria_data_structures",
 "alexandria_math",
]

[[package]]
name = "alexandria_data_structures"
version = "0.2.0"
source = "git+https://github.com/keep-starknet-strange/alexandria.git?rev=e1b0805#e1b080577aaa6889116fc8be5dde72b2fd21e397"
dependencies = [
 "alexandria_encoding",
]

[[package]]
name = "alexandria_encoding"
version = "0.1.0"
source = "git+https://github.com/keep-starknet-strange/alexandria.git?rev=e1b0805#e1b080577aaa6889116fc8be5dde72b2fd21e397"
dependencies = [
 "alexandria_bytes",
 "alexandria_math",
 "alexandria_numeric",
]

[[package]]
name = "alexandria_math"
version = "0.2.0"
source = "git+https://github.com/keep-starknet-strange/alexandria.git?rev=e1b0805#e1b080577aaa6889116fc8be5dde72b2fd21e397"
dependencies = [
 "alexandria_data_structures",
]

[[package]]
name = "alexandria_merkle_tree"
version = "0.1.0"
source = "git+https://github.com/keep-starknet-strange/alexandria.git?rev=e1b0805#e1b080577aaa6889116fc8be5dde72b2fd21e397"

[[package]]
name = "alexandria_numeric"
version = "0.1.0"
source = "git+https://github.com/keep-starknet-strange/alexandria.git?rev=e1b0805#e1b080577aaa6889116fc8be5dde72b2fd21e397"
dependencies = [
 "alexandria_math",
 "alexandria_searching",
]

[[package]]
name = "alexandria_searching"
version = "0.1.0"
source = "git+https://github.com/keep-starknet-strange/alexandria.git?rev=e1b0805#e1b080577aaa6889116fc8be5dde72b2fd21e397"
dependencies = [
 "alexandria_data_structures",
]

[[package]]
name = "argent"
version = "0.1.0"
dependencies = [
 "alexandria_encoding",
 "alexandria_math",
 "alexandria_merkle_tree",
 "openzeppelin_presets",
 "openzeppelin_security",
 "snforge_std",
]

[[package]]
name = "openzeppelin_access"
version = "0.15.1"
source = "registry+https://scarbs.xyz/"
checksum = "sha256:9c90539ab54d18253d656e58b75cd6334c76333e85a9e8758ba4091e53574c3c"
dependencies = [
 "openzeppelin_introspection",
 "openzeppelin_utils",
]

[[package]]
name = "openzeppelin_account"
version = "0.15.1"
source = "registry+https://scarbs.xyz/"
checksum = "sha256:a8959106a1223b8f47d4142ef636a1b44dcf16f6a7fc9ed1b071a3376d8ec6ee"
dependencies = [
 "openzeppelin_introspection",
 "openzeppelin_utils",
]

[[package]]
name = "openzeppelin_governance"
version = "0.15.1"
source = "registry+https://scarbs.xyz/"
checksum = "sha256:657045bcac71ce8eb4bf2cf3c69ff8e87f1b594d60cbaa1d0d5e581f47feb216"
dependencies = [
 "openzeppelin_access",
 "openzeppelin_introspection",
]

[[package]]
name = "openzeppelin_introspection"
version = "0.15.1"
source = "registry+https://scarbs.xyz/"
checksum = "sha256:f5f88a3f7fd81c1cb9acb0edeea1207baade23e2e4555e8487a5c8161e584827"

[[package]]
name = "openzeppelin_presets"
version = "0.15.1"
source = "registry+https://scarbs.xyz/"
checksum = "sha256:0e1704b77a7793b140d17c7095a61f068d2855d620f83a38a8d034ff59c4b480"
dependencies = [
 "openzeppelin_access",
 "openzeppelin_account",
 "openzeppelin_introspection",
 "openzeppelin_token",
 "openzeppelin_upgrades",
]

[[package]]
name = "openzeppelin_security"
version = "0.15.1"
source = "registry+https://scarbs.xyz/"
checksum = "sha256:d88e89ab03fc8108e2eafbd431792514a459ce1a3935733f8be0eed80e1cbe9f"

[[package]]
name = "openzeppelin_token"
version = "0.15.1"
source = "registry+https://scarbs.xyz/"
checksum = "sha256:ec1ee37dc2cda9c34a24cf17a775d4d68266496909ebb38afa6e6f610ebe6c6b"
dependencies = [
 "openzeppelin_account",
 "openzeppelin_governance",
 "openzeppelin_introspection",
]

[[package]]
name = "openzeppelin_upgrades"
version = "0.15.1"
source = "registry+https://scarbs.xyz/"
checksum = "sha256:5b49843040a72b2b8c187c4fc20af7dc223225fbe32fd76a006914c4047933f9"

[[package]]
name = "openzeppelin_utils"
version = "0.15.1"
source = "registry+https://scarbs.xyz/"
checksum = "sha256:981ebd7ddfbd9fc03515fa7790ca41c8b721ea020412651510ab63e40ebd2303"

[[package]]
name = "snforge_scarb_plugin"
version = "0.31.0"
source = "registry+https://scarbs.xyz/"
checksum = "sha256:1fce075fcbf7fce1b0935f6f9a034549704837fb221da212d3b6e9134cebfdaa"

[[package]]
name = "snforge_std"
version = "0.31.0"
source = "registry+https://scarbs.xyz/"
checksum = "sha256:60ac980b297281f9a59a5f1668cb56bdea1b28fd2f8008008270f9a3c91ad3ba"
dependencies = [
 "snforge_scarb_plugin",
]
